
Microsoft Visual Studio Solution File, Format Version 10.00
# Visual Studio 2008
Project("{FAE04EC0-301F-11D3-BF4B-00C04F79EFBC}") = "Cmms Server", "CMMSServer\Cmms Server.csproj", "{551D729E-F41D-44AA-8626-27CD59742BC0}"
EndProject
Project("{FAE04EC0-301F-11D3-BF4B-00C04F79EFBC}") = "CmmsServerLib", "CmmsServerLib\CmmsServerLib.csproj", "{17A883EF-BDA0-4408-A56A-88F6D2629053}"
EndProject
Global
	GlobalSection(SolutionConfigurationPlatforms) = preSolution
		Debug|Any CPU = Debug|Any CPU
		Release|Any CPU = Release|Any CPU
	EndGlobalSection
	GlobalSection(ProjectConfigurationPlatforms) = postSolution
		{551D729E-F41D-44AA-8626-27CD59742BC0}.Debug|Any CPU.ActiveCfg = Debug|Any CPU
		{551D729E-F41D-44AA-8626-27CD59742BC0}.Debug|Any CPU.Build.0 = Debug|Any CPU
		{551D729E-F41D-44AA-8626-27CD59742BC0}.Release|Any CPU.ActiveCfg = Release|Any CPU
		{551D729E-F41D-44AA-8626-27CD59742BC0}.Release|Any CPU.Build.0 = Release|Any CPU
		{17A883EF-BDA0-4408-A56A-88F6D2629053}.Debug|Any CPU.ActiveCfg = Debug|Any CPU
		{17A883EF-BDA0-4408-A56A-88F6D2629053}.Debug|Any CPU.Build.0 = Debug|Any CPU
		{17A883EF-BDA0-4408-A56A-88F6D2629053}.Release|Any CPU.ActiveCfg = Release|Any CPU
		{17A883EF-BDA0-4408-A56A-88F6D2629053}.Release|Any CPU.Build.0 = Release|Any CPU
	EndGlobalSection
	GlobalSection(SolutionProperties) = preSolution
		HideSolutionNode = FALSE
	EndGlobalSection
EndGlobal
