
Microsoft Visual Studio Solution File, Format Version 12.00
# Visual Studio 14
VisualStudioVersion = 14.0.25420.1
MinimumVisualStudioVersion = 10.0.40219.1
Project("{F184B08F-C81C-45F6-A57F-5ABD9991F28F}") = "Commons", "..\Commons\Commons\Commons.vbproj", "{1AEBD723-74C5-4CB4-BF99-456E840683EA}"
EndProject
Project("{F184B08F-C81C-45F6-A57F-5ABD9991F28F}") = "MReportKH", "..\MReportKH\MReportKH\MReportKH.vbproj", "{55F7340B-3846-4ED3-8898-841805711C70}"
EndProject
Project("{F184B08F-C81C-45F6-A57F-5ABD9991F28F}") = "MReportVB", "..\MReportVB\MReportVB\MReportVB.vbproj", "{4379259C-56B5-48A1-B1D3-68FDC53A8DAD}"
EndProject
Project("{F184B08F-C81C-45F6-A57F-5ABD9991F28F}") = "Report1", "..\Report1\Report1\Report1.vbproj", "{3291B7F8-D629-4FA9-AA2A-D2DB12D41D2E}"
EndProject
Project("{FAE04EC0-301F-11D3-BF4B-00C04F79EFBC}") = "ReportMail", "..\ReportMail\ReportMail\ReportMail.csproj", "{95C41A6A-E7EF-45DA-AA54-FF3C476F2F3D}"
EndProject
Project("{FAE04EC0-301F-11D3-BF4B-00C04F79EFBC}") = "VietShape", "..\VietShape\VietShape.csproj", "{75E711EA-37BF-47F9-8FBB-D82D56CE13ED}"
EndProject
Project("{FAE04EC0-301F-11D3-BF4B-00C04F79EFBC}") = "Vietsoft.Reminder", "..\Vietsoft.Reminder\Vietsoft.Reminder\Vietsoft.Reminder.csproj", "{BD93A66A-FE41-4574-931D-4F05946B7CE8}"
EndProject
Project("{FAE04EC0-301F-11D3-BF4B-00C04F79EFBC}") = "ImportExcels", "..\ImportExcels\ImportExcels\ImportExcels.csproj", "{20B960EC-6DFE-4D8B-AE8E-5F18AD3537C9}"
EndProject
Project("{FAE04EC0-301F-11D3-BF4B-00C04F79EFBC}") = "ReportHuda", "..\ReportHuda\ReportHuda\ReportHuda.csproj", "{392F063F-DFE1-4575-A7A0-44F504741C2F}"
EndProject
Project("{FAE04EC0-301F-11D3-BF4B-00C04F79EFBC}") = "WareHouse", "..\WareHouse\Kho Moi\WareHouse.csproj", "{B20407B1-FDF9-44FC-898C-A7504DB979F5}"
EndProject
Project("{FAE04EC0-301F-11D3-BF4B-00C04F79EFBC}") = "MVControl", "..\MVControl\MVControl\MVControl.csproj", "{48689759-CAED-4699-82E5-FC2D02A25A4A}"
EndProject
Project("{FAE04EC0-301F-11D3-BF4B-00C04F79EFBC}") = "ReportMain", "..\ReportMain\ReportMain\ReportMain.csproj", "{71A76F4D-9E49-426C-A1B0-2A9E0F574892}"
EndProject
Global
	GlobalSection(SolutionConfigurationPlatforms) = preSolution
		Debug|Any CPU = Debug|Any CPU
		Debug|x64 = Debug|x64
		Debug|x86 = Debug|x86
		Release|Any CPU = Release|Any CPU
		Release|x64 = Release|x64
		Release|x86 = Release|x86
		x86|Any CPU = x86|Any CPU
		x86|x64 = x86|x64
		x86|x86 = x86|x86
	EndGlobalSection
	GlobalSection(ProjectConfigurationPlatforms) = postSolution
		{1AEBD723-74C5-4CB4-BF99-456E840683EA}.Debug|Any CPU.ActiveCfg = Debug|Any CPU
		{1AEBD723-74C5-4CB4-BF99-456E840683EA}.Debug|Any CPU.Build.0 = Debug|Any CPU
		{1AEBD723-74C5-4CB4-BF99-456E840683EA}.Debug|x64.ActiveCfg = Debug|Any CPU
		{1AEBD723-74C5-4CB4-BF99-456E840683EA}.Debug|x64.Build.0 = Debug|Any CPU
		{1AEBD723-74C5-4CB4-BF99-456E840683EA}.Debug|x86.ActiveCfg = Debug|Any CPU
		{1AEBD723-74C5-4CB4-BF99-456E840683EA}.Debug|x86.Build.0 = Debug|Any CPU
		{1AEBD723-74C5-4CB4-BF99-456E840683EA}.Release|Any CPU.ActiveCfg = Release|Any CPU
		{1AEBD723-74C5-4CB4-BF99-456E840683EA}.Release|Any CPU.Build.0 = Release|Any CPU
		{1AEBD723-74C5-4CB4-BF99-456E840683EA}.Release|x64.ActiveCfg = Release|Any CPU
		{1AEBD723-74C5-4CB4-BF99-456E840683EA}.Release|x64.Build.0 = Release|Any CPU
		{1AEBD723-74C5-4CB4-BF99-456E840683EA}.Release|x86.ActiveCfg = Release|Any CPU
		{1AEBD723-74C5-4CB4-BF99-456E840683EA}.Release|x86.Build.0 = Release|Any CPU
		{1AEBD723-74C5-4CB4-BF99-456E840683EA}.x86|Any CPU.ActiveCfg = Release|Any CPU
		{1AEBD723-74C5-4CB4-BF99-456E840683EA}.x86|Any CPU.Build.0 = Release|Any CPU
		{1AEBD723-74C5-4CB4-BF99-456E840683EA}.x86|x64.ActiveCfg = Release|Any CPU
		{1AEBD723-74C5-4CB4-BF99-456E840683EA}.x86|x64.Build.0 = Release|Any CPU
		{1AEBD723-74C5-4CB4-BF99-456E840683EA}.x86|x86.ActiveCfg = Release|Any CPU
		{1AEBD723-74C5-4CB4-BF99-456E840683EA}.x86|x86.Build.0 = Release|Any CPU
		{55F7340B-3846-4ED3-8898-841805711C70}.Debug|Any CPU.ActiveCfg = Debug|Any CPU
		{55F7340B-3846-4ED3-8898-841805711C70}.Debug|Any CPU.Build.0 = Debug|Any CPU
		{55F7340B-3846-4ED3-8898-841805711C70}.Debug|x64.ActiveCfg = Debug|Any CPU
		{55F7340B-3846-4ED3-8898-841805711C70}.Debug|x64.Build.0 = Debug|Any CPU
		{55F7340B-3846-4ED3-8898-841805711C70}.Debug|x86.ActiveCfg = Debug|Any CPU
		{55F7340B-3846-4ED3-8898-841805711C70}.Debug|x86.Build.0 = Debug|Any CPU
		{55F7340B-3846-4ED3-8898-841805711C70}.Release|Any CPU.ActiveCfg = Release|Any CPU
		{55F7340B-3846-4ED3-8898-841805711C70}.Release|Any CPU.Build.0 = Release|Any CPU
		{55F7340B-3846-4ED3-8898-841805711C70}.Release|x64.ActiveCfg = Release|Any CPU
		{55F7340B-3846-4ED3-8898-841805711C70}.Release|x64.Build.0 = Release|Any CPU
		{55F7340B-3846-4ED3-8898-841805711C70}.Release|x86.ActiveCfg = Release|Any CPU
		{55F7340B-3846-4ED3-8898-841805711C70}.Release|x86.Build.0 = Release|Any CPU
		{55F7340B-3846-4ED3-8898-841805711C70}.x86|Any CPU.ActiveCfg = Release|Any CPU
		{55F7340B-3846-4ED3-8898-841805711C70}.x86|Any CPU.Build.0 = Release|Any CPU
		{55F7340B-3846-4ED3-8898-841805711C70}.x86|x64.ActiveCfg = Release|Any CPU
		{55F7340B-3846-4ED3-8898-841805711C70}.x86|x64.Build.0 = Release|Any CPU
		{55F7340B-3846-4ED3-8898-841805711C70}.x86|x86.ActiveCfg = Release|Any CPU
		{55F7340B-3846-4ED3-8898-841805711C70}.x86|x86.Build.0 = Release|Any CPU
		{4379259C-56B5-48A1-B1D3-68FDC53A8DAD}.Debug|Any CPU.ActiveCfg = Debug|Any CPU
		{4379259C-56B5-48A1-B1D3-68FDC53A8DAD}.Debug|Any CPU.Build.0 = Debug|Any CPU
		{4379259C-56B5-48A1-B1D3-68FDC53A8DAD}.Debug|x64.ActiveCfg = Debug|Any CPU
		{4379259C-56B5-48A1-B1D3-68FDC53A8DAD}.Debug|x64.Build.0 = Debug|Any CPU
		{4379259C-56B5-48A1-B1D3-68FDC53A8DAD}.Debug|x86.ActiveCfg = Debug|Any CPU
		{4379259C-56B5-48A1-B1D3-68FDC53A8DAD}.Debug|x86.Build.0 = Debug|Any CPU
		{4379259C-56B5-48A1-B1D3-68FDC53A8DAD}.Release|Any CPU.ActiveCfg = Release|Any CPU
		{4379259C-56B5-48A1-B1D3-68FDC53A8DAD}.Release|Any CPU.Build.0 = Release|Any CPU
		{4379259C-56B5-48A1-B1D3-68FDC53A8DAD}.Release|x64.ActiveCfg = Release|Any CPU
		{4379259C-56B5-48A1-B1D3-68FDC53A8DAD}.Release|x64.Build.0 = Release|Any CPU
		{4379259C-56B5-48A1-B1D3-68FDC53A8DAD}.Release|x86.ActiveCfg = Release|Any CPU
		{4379259C-56B5-48A1-B1D3-68FDC53A8DAD}.Release|x86.Build.0 = Release|Any CPU
		{4379259C-56B5-48A1-B1D3-68FDC53A8DAD}.x86|Any CPU.ActiveCfg = Release|Any CPU
		{4379259C-56B5-48A1-B1D3-68FDC53A8DAD}.x86|Any CPU.Build.0 = Release|Any CPU
		{4379259C-56B5-48A1-B1D3-68FDC53A8DAD}.x86|x64.ActiveCfg = Release|Any CPU
		{4379259C-56B5-48A1-B1D3-68FDC53A8DAD}.x86|x64.Build.0 = Release|Any CPU
		{4379259C-56B5-48A1-B1D3-68FDC53A8DAD}.x86|x86.ActiveCfg = Release|Any CPU
		{4379259C-56B5-48A1-B1D3-68FDC53A8DAD}.x86|x86.Build.0 = Release|Any CPU
		{3291B7F8-D629-4FA9-AA2A-D2DB12D41D2E}.Debug|Any CPU.ActiveCfg = Debug|Any CPU
		{3291B7F8-D629-4FA9-AA2A-D2DB12D41D2E}.Debug|Any CPU.Build.0 = Debug|Any CPU
		{3291B7F8-D629-4FA9-AA2A-D2DB12D41D2E}.Debug|x64.ActiveCfg = Debug|Any CPU
		{3291B7F8-D629-4FA9-AA2A-D2DB12D41D2E}.Debug|x64.Build.0 = Debug|Any CPU
		{3291B7F8-D629-4FA9-AA2A-D2DB12D41D2E}.Debug|x86.ActiveCfg = Debug|Any CPU
		{3291B7F8-D629-4FA9-AA2A-D2DB12D41D2E}.Debug|x86.Build.0 = Debug|Any CPU
		{3291B7F8-D629-4FA9-AA2A-D2DB12D41D2E}.Release|Any CPU.ActiveCfg = Release|Any CPU
		{3291B7F8-D629-4FA9-AA2A-D2DB12D41D2E}.Release|Any CPU.Build.0 = Release|Any CPU
		{3291B7F8-D629-4FA9-AA2A-D2DB12D41D2E}.Release|x64.ActiveCfg = Release|Any CPU
		{3291B7F8-D629-4FA9-AA2A-D2DB12D41D2E}.Release|x64.Build.0 = Release|Any CPU
		{3291B7F8-D629-4FA9-AA2A-D2DB12D41D2E}.Release|x86.ActiveCfg = Release|Any CPU
		{3291B7F8-D629-4FA9-AA2A-D2DB12D41D2E}.Release|x86.Build.0 = Release|Any CPU
		{3291B7F8-D629-4FA9-AA2A-D2DB12D41D2E}.x86|Any CPU.ActiveCfg = Release|Any CPU
		{3291B7F8-D629-4FA9-AA2A-D2DB12D41D2E}.x86|Any CPU.Build.0 = Release|Any CPU
		{3291B7F8-D629-4FA9-AA2A-D2DB12D41D2E}.x86|x64.ActiveCfg = Release|Any CPU
		{3291B7F8-D629-4FA9-AA2A-D2DB12D41D2E}.x86|x64.Build.0 = Release|Any CPU
		{3291B7F8-D629-4FA9-AA2A-D2DB12D41D2E}.x86|x86.ActiveCfg = Release|Any CPU
		{3291B7F8-D629-4FA9-AA2A-D2DB12D41D2E}.x86|x86.Build.0 = Release|Any CPU
		{95C41A6A-E7EF-45DA-AA54-FF3C476F2F3D}.Debug|Any CPU.ActiveCfg = Debug|Any CPU
		{95C41A6A-E7EF-45DA-AA54-FF3C476F2F3D}.Debug|Any CPU.Build.0 = Debug|Any CPU
		{95C41A6A-E7EF-45DA-AA54-FF3C476F2F3D}.Debug|x64.ActiveCfg = Debug|Any CPU
		{95C41A6A-E7EF-45DA-AA54-FF3C476F2F3D}.Debug|x64.Build.0 = Debug|Any CPU
		{95C41A6A-E7EF-45DA-AA54-FF3C476F2F3D}.Debug|x86.ActiveCfg = Debug|Any CPU
		{95C41A6A-E7EF-45DA-AA54-FF3C476F2F3D}.Debug|x86.Build.0 = Debug|Any CPU
		{95C41A6A-E7EF-45DA-AA54-FF3C476F2F3D}.Release|Any CPU.ActiveCfg = Release|Any CPU
		{95C41A6A-E7EF-45DA-AA54-FF3C476F2F3D}.Release|Any CPU.Build.0 = Release|Any CPU
		{95C41A6A-E7EF-45DA-AA54-FF3C476F2F3D}.Release|x64.ActiveCfg = Release|Any CPU
		{95C41A6A-E7EF-45DA-AA54-FF3C476F2F3D}.Release|x64.Build.0 = Release|Any CPU
		{95C41A6A-E7EF-45DA-AA54-FF3C476F2F3D}.Release|x86.ActiveCfg = Release|Any CPU
		{95C41A6A-E7EF-45DA-AA54-FF3C476F2F3D}.Release|x86.Build.0 = Release|Any CPU
		{95C41A6A-E7EF-45DA-AA54-FF3C476F2F3D}.x86|Any CPU.ActiveCfg = Release|Any CPU
		{95C41A6A-E7EF-45DA-AA54-FF3C476F2F3D}.x86|Any CPU.Build.0 = Release|Any CPU
		{95C41A6A-E7EF-45DA-AA54-FF3C476F2F3D}.x86|x64.ActiveCfg = Release|Any CPU
		{95C41A6A-E7EF-45DA-AA54-FF3C476F2F3D}.x86|x64.Build.0 = Release|Any CPU
		{95C41A6A-E7EF-45DA-AA54-FF3C476F2F3D}.x86|x86.ActiveCfg = Release|Any CPU
		{95C41A6A-E7EF-45DA-AA54-FF3C476F2F3D}.x86|x86.Build.0 = Release|Any CPU
		{75E711EA-37BF-47F9-8FBB-D82D56CE13ED}.Debug|Any CPU.ActiveCfg = Debug|Any CPU
		{75E711EA-37BF-47F9-8FBB-D82D56CE13ED}.Debug|Any CPU.Build.0 = Debug|Any CPU
		{75E711EA-37BF-47F9-8FBB-D82D56CE13ED}.Debug|x64.ActiveCfg = Debug|Any CPU
		{75E711EA-37BF-47F9-8FBB-D82D56CE13ED}.Debug|x64.Build.0 = Debug|Any CPU
		{75E711EA-37BF-47F9-8FBB-D82D56CE13ED}.Debug|x86.ActiveCfg = Debug|Any CPU
		{75E711EA-37BF-47F9-8FBB-D82D56CE13ED}.Debug|x86.Build.0 = Debug|Any CPU
		{75E711EA-37BF-47F9-8FBB-D82D56CE13ED}.Release|Any CPU.ActiveCfg = Release|Any CPU
		{75E711EA-37BF-47F9-8FBB-D82D56CE13ED}.Release|Any CPU.Build.0 = Release|Any CPU
		{75E711EA-37BF-47F9-8FBB-D82D56CE13ED}.Release|x64.ActiveCfg = Release|Any CPU
		{75E711EA-37BF-47F9-8FBB-D82D56CE13ED}.Release|x64.Build.0 = Release|Any CPU
		{75E711EA-37BF-47F9-8FBB-D82D56CE13ED}.Release|x86.ActiveCfg = Release|Any CPU
		{75E711EA-37BF-47F9-8FBB-D82D56CE13ED}.Release|x86.Build.0 = Release|Any CPU
		{75E711EA-37BF-47F9-8FBB-D82D56CE13ED}.x86|Any CPU.ActiveCfg = Release|Any CPU
		{75E711EA-37BF-47F9-8FBB-D82D56CE13ED}.x86|Any CPU.Build.0 = Release|Any CPU
		{75E711EA-37BF-47F9-8FBB-D82D56CE13ED}.x86|x64.ActiveCfg = Release|Any CPU
		{75E711EA-37BF-47F9-8FBB-D82D56CE13ED}.x86|x64.Build.0 = Release|Any CPU
		{75E711EA-37BF-47F9-8FBB-D82D56CE13ED}.x86|x86.ActiveCfg = Release|Any CPU
		{75E711EA-37BF-47F9-8FBB-D82D56CE13ED}.x86|x86.Build.0 = Release|Any CPU
		{BD93A66A-FE41-4574-931D-4F05946B7CE8}.Debug|Any CPU.ActiveCfg = Debug|Any CPU
		{BD93A66A-FE41-4574-931D-4F05946B7CE8}.Debug|Any CPU.Build.0 = Debug|Any CPU
		{BD93A66A-FE41-4574-931D-4F05946B7CE8}.Debug|x64.ActiveCfg = Debug|x64
		{BD93A66A-FE41-4574-931D-4F05946B7CE8}.Debug|x64.Build.0 = Debug|x64
		{BD93A66A-FE41-4574-931D-4F05946B7CE8}.Debug|x86.ActiveCfg = Debug|Any CPU
		{BD93A66A-FE41-4574-931D-4F05946B7CE8}.Debug|x86.Build.0 = Debug|Any CPU
		{BD93A66A-FE41-4574-931D-4F05946B7CE8}.Release|Any CPU.ActiveCfg = Release|Any CPU
		{BD93A66A-FE41-4574-931D-4F05946B7CE8}.Release|Any CPU.Build.0 = Release|Any CPU
		{BD93A66A-FE41-4574-931D-4F05946B7CE8}.Release|x64.ActiveCfg = Release|x64
		{BD93A66A-FE41-4574-931D-4F05946B7CE8}.Release|x64.Build.0 = Release|x64
		{BD93A66A-FE41-4574-931D-4F05946B7CE8}.Release|x86.ActiveCfg = Release|Any CPU
		{BD93A66A-FE41-4574-931D-4F05946B7CE8}.Release|x86.Build.0 = Release|Any CPU
		{BD93A66A-FE41-4574-931D-4F05946B7CE8}.x86|Any CPU.ActiveCfg = Release|Any CPU
		{BD93A66A-FE41-4574-931D-4F05946B7CE8}.x86|Any CPU.Build.0 = Release|Any CPU
		{BD93A66A-FE41-4574-931D-4F05946B7CE8}.x86|x64.ActiveCfg = Release|x64
		{BD93A66A-FE41-4574-931D-4F05946B7CE8}.x86|x64.Build.0 = Release|x64
		{BD93A66A-FE41-4574-931D-4F05946B7CE8}.x86|x86.ActiveCfg = Release|Any CPU
		{BD93A66A-FE41-4574-931D-4F05946B7CE8}.x86|x86.Build.0 = Release|Any CPU
		{20B960EC-6DFE-4D8B-AE8E-5F18AD3537C9}.Debug|Any CPU.ActiveCfg = x86|Any CPU
		{20B960EC-6DFE-4D8B-AE8E-5F18AD3537C9}.Debug|Any CPU.Build.0 = x86|Any CPU
		{20B960EC-6DFE-4D8B-AE8E-5F18AD3537C9}.Debug|x64.ActiveCfg = x86|x64
		{20B960EC-6DFE-4D8B-AE8E-5F18AD3537C9}.Debug|x64.Build.0 = x86|x64
		{20B960EC-6DFE-4D8B-AE8E-5F18AD3537C9}.Debug|x86.ActiveCfg = x86|x86
		{20B960EC-6DFE-4D8B-AE8E-5F18AD3537C9}.Debug|x86.Build.0 = x86|x86
		{20B960EC-6DFE-4D8B-AE8E-5F18AD3537C9}.Release|Any CPU.ActiveCfg = Release|Any CPU
		{20B960EC-6DFE-4D8B-AE8E-5F18AD3537C9}.Release|Any CPU.Build.0 = Release|Any CPU
		{20B960EC-6DFE-4D8B-AE8E-5F18AD3537C9}.Release|x64.ActiveCfg = Release|x64
		{20B960EC-6DFE-4D8B-AE8E-5F18AD3537C9}.Release|x64.Build.0 = Release|x64
		{20B960EC-6DFE-4D8B-AE8E-5F18AD3537C9}.Release|x86.ActiveCfg = Release|x86
		{20B960EC-6DFE-4D8B-AE8E-5F18AD3537C9}.Release|x86.Build.0 = Release|x86
		{20B960EC-6DFE-4D8B-AE8E-5F18AD3537C9}.x86|Any CPU.ActiveCfg = x86|Any CPU
		{20B960EC-6DFE-4D8B-AE8E-5F18AD3537C9}.x86|Any CPU.Build.0 = x86|Any CPU
		{20B960EC-6DFE-4D8B-AE8E-5F18AD3537C9}.x86|x64.ActiveCfg = x86|x64
		{20B960EC-6DFE-4D8B-AE8E-5F18AD3537C9}.x86|x64.Build.0 = x86|x64
		{20B960EC-6DFE-4D8B-AE8E-5F18AD3537C9}.x86|x86.ActiveCfg = x86|x86
		{20B960EC-6DFE-4D8B-AE8E-5F18AD3537C9}.x86|x86.Build.0 = x86|x86
		{392F063F-DFE1-4575-A7A0-44F504741C2F}.Debug|Any CPU.ActiveCfg = Debug|Any CPU
		{392F063F-DFE1-4575-A7A0-44F504741C2F}.Debug|Any CPU.Build.0 = Debug|Any CPU
		{392F063F-DFE1-4575-A7A0-44F504741C2F}.Debug|x64.ActiveCfg = Debug|Any CPU
		{392F063F-DFE1-4575-A7A0-44F504741C2F}.Debug|x64.Build.0 = Debug|Any CPU
		{392F063F-DFE1-4575-A7A0-44F504741C2F}.Debug|x86.ActiveCfg = Debug|Any CPU
		{392F063F-DFE1-4575-A7A0-44F504741C2F}.Debug|x86.Build.0 = Debug|Any CPU
		{392F063F-DFE1-4575-A7A0-44F504741C2F}.Release|Any CPU.ActiveCfg = Release|Any CPU
		{392F063F-DFE1-4575-A7A0-44F504741C2F}.Release|Any CPU.Build.0 = Release|Any CPU
		{392F063F-DFE1-4575-A7A0-44F504741C2F}.Release|x64.ActiveCfg = Release|Any CPU
		{392F063F-DFE1-4575-A7A0-44F504741C2F}.Release|x64.Build.0 = Release|Any CPU
		{392F063F-DFE1-4575-A7A0-44F504741C2F}.Release|x86.ActiveCfg = Release|Any CPU
		{392F063F-DFE1-4575-A7A0-44F504741C2F}.Release|x86.Build.0 = Release|Any CPU
		{392F063F-DFE1-4575-A7A0-44F504741C2F}.x86|Any CPU.ActiveCfg = Release|Any CPU
		{392F063F-DFE1-4575-A7A0-44F504741C2F}.x86|Any CPU.Build.0 = Release|Any CPU
		{392F063F-DFE1-4575-A7A0-44F504741C2F}.x86|x64.ActiveCfg = Release|Any CPU
		{392F063F-DFE1-4575-A7A0-44F504741C2F}.x86|x64.Build.0 = Release|Any CPU
		{392F063F-DFE1-4575-A7A0-44F504741C2F}.x86|x86.ActiveCfg = Release|Any CPU
		{392F063F-DFE1-4575-A7A0-44F504741C2F}.x86|x86.Build.0 = Release|Any CPU
		{B20407B1-FDF9-44FC-898C-A7504DB979F5}.Debug|Any CPU.ActiveCfg = Debug|Any CPU
		{B20407B1-FDF9-44FC-898C-A7504DB979F5}.Debug|Any CPU.Build.0 = Debug|Any CPU
		{B20407B1-FDF9-44FC-898C-A7504DB979F5}.Debug|x64.ActiveCfg = Debug|x64
		{B20407B1-FDF9-44FC-898C-A7504DB979F5}.Debug|x64.Build.0 = Debug|x64
		{B20407B1-FDF9-44FC-898C-A7504DB979F5}.Debug|x86.ActiveCfg = Debug|Any CPU
		{B20407B1-FDF9-44FC-898C-A7504DB979F5}.Debug|x86.Build.0 = Debug|Any CPU
		{B20407B1-FDF9-44FC-898C-A7504DB979F5}.Release|Any CPU.ActiveCfg = Release|Any CPU
		{B20407B1-FDF9-44FC-898C-A7504DB979F5}.Release|Any CPU.Build.0 = Release|Any CPU
		{B20407B1-FDF9-44FC-898C-A7504DB979F5}.Release|x64.ActiveCfg = Release|x64
		{B20407B1-FDF9-44FC-898C-A7504DB979F5}.Release|x64.Build.0 = Release|x64
		{B20407B1-FDF9-44FC-898C-A7504DB979F5}.Release|x86.ActiveCfg = Release|Any CPU
		{B20407B1-FDF9-44FC-898C-A7504DB979F5}.Release|x86.Build.0 = Release|Any CPU
		{B20407B1-FDF9-44FC-898C-A7504DB979F5}.x86|Any CPU.ActiveCfg = Release|Any CPU
		{B20407B1-FDF9-44FC-898C-A7504DB979F5}.x86|Any CPU.Build.0 = Release|Any CPU
		{B20407B1-FDF9-44FC-898C-A7504DB979F5}.x86|x64.ActiveCfg = Release|x64
		{B20407B1-FDF9-44FC-898C-A7504DB979F5}.x86|x64.Build.0 = Release|x64
		{B20407B1-FDF9-44FC-898C-A7504DB979F5}.x86|x86.ActiveCfg = Release|Any CPU
		{B20407B1-FDF9-44FC-898C-A7504DB979F5}.x86|x86.Build.0 = Release|Any CPU
		{48689759-CAED-4699-82E5-FC2D02A25A4A}.Debug|Any CPU.ActiveCfg = Debug|Any CPU
		{48689759-CAED-4699-82E5-FC2D02A25A4A}.Debug|Any CPU.Build.0 = Debug|Any CPU
		{48689759-CAED-4699-82E5-FC2D02A25A4A}.Debug|x64.ActiveCfg = Debug|Any CPU
		{48689759-CAED-4699-82E5-FC2D02A25A4A}.Debug|x64.Build.0 = Debug|Any CPU
		{48689759-CAED-4699-82E5-FC2D02A25A4A}.Debug|x86.ActiveCfg = Debug|x86
		{48689759-CAED-4699-82E5-FC2D02A25A4A}.Debug|x86.Build.0 = Debug|x86
		{48689759-CAED-4699-82E5-FC2D02A25A4A}.Release|Any CPU.ActiveCfg = Release|Any CPU
		{48689759-CAED-4699-82E5-FC2D02A25A4A}.Release|Any CPU.Build.0 = Release|Any CPU
		{48689759-CAED-4699-82E5-FC2D02A25A4A}.Release|x64.ActiveCfg = Release|Any CPU
		{48689759-CAED-4699-82E5-FC2D02A25A4A}.Release|x64.Build.0 = Release|Any CPU
		{48689759-CAED-4699-82E5-FC2D02A25A4A}.Release|x86.ActiveCfg = Release|x86
		{48689759-CAED-4699-82E5-FC2D02A25A4A}.Release|x86.Build.0 = Release|x86
		{48689759-CAED-4699-82E5-FC2D02A25A4A}.x86|Any CPU.ActiveCfg = Release|Any CPU
		{48689759-CAED-4699-82E5-FC2D02A25A4A}.x86|Any CPU.Build.0 = Release|Any CPU
		{48689759-CAED-4699-82E5-FC2D02A25A4A}.x86|x64.ActiveCfg = Release|Any CPU
		{48689759-CAED-4699-82E5-FC2D02A25A4A}.x86|x64.Build.0 = Release|Any CPU
		{48689759-CAED-4699-82E5-FC2D02A25A4A}.x86|x86.ActiveCfg = Release|x86
		{48689759-CAED-4699-82E5-FC2D02A25A4A}.x86|x86.Build.0 = Release|x86
		{71A76F4D-9E49-426C-A1B0-2A9E0F574892}.Debug|Any CPU.ActiveCfg = Debug|Any CPU
		{71A76F4D-9E49-426C-A1B0-2A9E0F574892}.Debug|Any CPU.Build.0 = Debug|Any CPU
		{71A76F4D-9E49-426C-A1B0-2A9E0F574892}.Debug|x64.ActiveCfg = Debug|x64
		{71A76F4D-9E49-426C-A1B0-2A9E0F574892}.Debug|x64.Build.0 = Debug|x64
		{71A76F4D-9E49-426C-A1B0-2A9E0F574892}.Debug|x86.ActiveCfg = Debug|x86
		{71A76F4D-9E49-426C-A1B0-2A9E0F574892}.Debug|x86.Build.0 = Debug|x86
		{71A76F4D-9E49-426C-A1B0-2A9E0F574892}.Release|Any CPU.ActiveCfg = Release|Any CPU
		{71A76F4D-9E49-426C-A1B0-2A9E0F574892}.Release|Any CPU.Build.0 = Release|Any CPU
		{71A76F4D-9E49-426C-A1B0-2A9E0F574892}.Release|x64.ActiveCfg = Release|x64
		{71A76F4D-9E49-426C-A1B0-2A9E0F574892}.Release|x64.Build.0 = Release|x64
		{71A76F4D-9E49-426C-A1B0-2A9E0F574892}.Release|x86.ActiveCfg = Release|x86
		{71A76F4D-9E49-426C-A1B0-2A9E0F574892}.Release|x86.Build.0 = Release|x86
		{71A76F4D-9E49-426C-A1B0-2A9E0F574892}.x86|Any CPU.ActiveCfg = Release|Any CPU
		{71A76F4D-9E49-426C-A1B0-2A9E0F574892}.x86|Any CPU.Build.0 = Release|Any CPU
		{71A76F4D-9E49-426C-A1B0-2A9E0F574892}.x86|x64.ActiveCfg = Release|x64
		{71A76F4D-9E49-426C-A1B0-2A9E0F574892}.x86|x64.Build.0 = Release|x64
		{71A76F4D-9E49-426C-A1B0-2A9E0F574892}.x86|x86.ActiveCfg = Release|x86
		{71A76F4D-9E49-426C-A1B0-2A9E0F574892}.x86|x86.Build.0 = Release|x86
	EndGlobalSection
	GlobalSection(SolutionProperties) = preSolution
		HideSolutionNode = FALSE
	EndGlobalSection
EndGlobal
