
Microsoft Visual Studio Solution File, Format Version 12.00
# Visual Studio 15
VisualStudioVersion = 15.0.28307.1231
MinimumVisualStudioVersion = 10.0.40219.1
Project("{FAE04EC0-301F-11D3-BF4B-00C04F79EFBC}") = "Vs.Support", "Vs.Support\Vs.Support.csproj", "{AA9B67A0-F520-4F10-9E43-DCCF1819DF8D}"
EndProject
Global
	GlobalSection(SolutionConfigurationPlatforms) = preSolution
		Debug|Any CPU = Debug|Any CPU
		Release|Any CPU = Release|Any CPU
	EndGlobalSection
	GlobalSection(ProjectConfigurationPlatforms) = postSolution
		{AA9B67A0-F520-4F10-9E43-DCCF1819DF8D}.Debug|Any CPU.ActiveCfg = Debug|Any CPU
		{AA9B67A0-F520-4F10-9E43-DCCF1819DF8D}.Debug|Any CPU.Build.0 = Debug|Any CPU
		{AA9B67A0-F520-4F10-9E43-DCCF1819DF8D}.Release|Any CPU.ActiveCfg = Release|Any CPU
		{AA9B67A0-F520-4F10-9E43-DCCF1819DF8D}.Release|Any CPU.Build.0 = Release|Any CPU
	EndGlobalSection
	GlobalSection(SolutionProperties) = preSolution
		HideSolutionNode = FALSE
	EndGlobalSection
	GlobalSection(ExtensibilityGlobals) = postSolution
		SolutionGuid = {E1C32431-D1D6-4B87-9D1F-814E433770B2}
	EndGlobalSection
EndGlobal
